<Solution>
  <Folder Name="/src/">
    <Project Path="src/Api/Nexus.User.Api.csproj" />
    <Project Path="src/Application/Nexus.User.Application.csproj" />
    <Project Path="src/Domain/Nexus.User.Domain.csproj" />
    <Project Path="src/Infrastructure/Nexus.User.Infrastructure.csproj" />
    <Project Path="src/Persistence/Nexus.User.Persistence.csproj" />
  </Folder>
</Solution>
